
Microsoft Visual Studio Solution File, Format Version 12.00
# Visual Studio 15
VisualStudioVersion = 15.0.26430.14
MinimumVisualStudioVersion = 10.0.40219.1
Project("{FAE04EC0-301F-11D3-BF4B-00C04F79EFBC}") = "MemRegi.Entity", "MemRegi.Entity\MemRegi.Entity.csproj", "{604D7D4E-2F76-4397-A505-CCA5F590C7C1}"
EndProject
Project("{FAE04EC0-301F-11D3-BF4B-00C04F79EFBC}") = "MemRegi.DAL", "MemRegi.DAL\MemRegi.DAL.csproj", "{792954FC-3590-427E-8B48-311DD54E638B}"
EndProject
Project("{FAE04EC0-301F-11D3-BF4B-00C04F79EFBC}") = "MemRegi.TestConsole", "MemRegi.TestConsole\MemRegi.TestConsole.csproj", "{032F1EE2-00C8-4A32-900F-0D01A1589C65}"
EndProject
Project("{FAE04EC0-301F-11D3-BF4B-00C04F79EFBC}") = "MemRegi.Web", "MemRegi.Web\MemRegi.Web.csproj", "{6962A4C2-16D4-4D9A-81F8-5CF21B4B9262}"
EndProject
Global
	GlobalSection(SolutionConfigurationPlatforms) = preSolution
		Debug|Any CPU = Debug|Any CPU
		Release|Any CPU = Release|Any CPU
	EndGlobalSection
	GlobalSection(ProjectConfigurationPlatforms) = postSolution
		{604D7D4E-2F76-4397-A505-CCA5F590C7C1}.Debug|Any CPU.ActiveCfg = Debug|Any CPU
		{604D7D4E-2F76-4397-A505-CCA5F590C7C1}.Debug|Any CPU.Build.0 = Debug|Any CPU
		{604D7D4E-2F76-4397-A505-CCA5F590C7C1}.Release|Any CPU.ActiveCfg = Release|Any CPU
		{604D7D4E-2F76-4397-A505-CCA5F590C7C1}.Release|Any CPU.Build.0 = Release|Any CPU
		{792954FC-3590-427E-8B48-311DD54E638B}.Debug|Any CPU.ActiveCfg = Debug|Any CPU
		{792954FC-3590-427E-8B48-311DD54E638B}.Debug|Any CPU.Build.0 = Debug|Any CPU
		{792954FC-3590-427E-8B48-311DD54E638B}.Release|Any CPU.ActiveCfg = Release|Any CPU
		{792954FC-3590-427E-8B48-311DD54E638B}.Release|Any CPU.Build.0 = Release|Any CPU
		{032F1EE2-00C8-4A32-900F-0D01A1589C65}.Debug|Any CPU.ActiveCfg = Debug|Any CPU
		{032F1EE2-00C8-4A32-900F-0D01A1589C65}.Debug|Any CPU.Build.0 = Debug|Any CPU
		{032F1EE2-00C8-4A32-900F-0D01A1589C65}.Release|Any CPU.ActiveCfg = Release|Any CPU
		{032F1EE2-00C8-4A32-900F-0D01A1589C65}.Release|Any CPU.Build.0 = Release|Any CPU
		{6962A4C2-16D4-4D9A-81F8-5CF21B4B9262}.Debug|Any CPU.ActiveCfg = Debug|Any CPU
		{6962A4C2-16D4-4D9A-81F8-5CF21B4B9262}.Debug|Any CPU.Build.0 = Debug|Any CPU
		{6962A4C2-16D4-4D9A-81F8-5CF21B4B9262}.Release|Any CPU.ActiveCfg = Release|Any CPU
		{6962A4C2-16D4-4D9A-81F8-5CF21B4B9262}.Release|Any CPU.Build.0 = Release|Any CPU
	EndGlobalSection
	GlobalSection(SolutionProperties) = preSolution
		HideSolutionNode = FALSE
	EndGlobalSection
EndGlobal
